
Microsoft Visual Studio Solution File, Format Version 12.00
# Visual Studio Version 17
VisualStudioVersion = 17.7.34031.279
MinimumVisualStudioVersion = 10.0.40219.1
Project("{9A19103F-16F7-4668-BE54-9A1E7A4F7556}") = "KickCraze.Api", "KickCraze.Api\KickCraze.Api.csproj", "{BF9A1A42-0053-4089-B372-B1D54D68775B}"
EndProject
Project("{9A19103F-16F7-4668-BE54-9A1E7A4F7556}") = "TrainingModel", "TrainingModel\TrainingModel.csproj", "{A44AC6B6-621E-4164-908B-2F7282D0577B}"
EndProject
Project("{9A19103F-16F7-4668-BE54-9A1E7A4F7556}") = "FetchData", "FetchData\FetchData.csproj", "{1C1BDDB9-D24F-4B5B-82FE-4027D60DC3AA}"
EndProject
Project("{FAE04EC0-301F-11D3-BF4B-00C04F79EFBC}") = "TestingModel", "TestingModel\TestingModel.csproj", "{FFAB1FC0-9BE1-4D69-AA78-7EA05A61CCCB}"
EndProject
Global
	GlobalSection(SolutionConfigurationPlatforms) = preSolution
		Debug|Any CPU = Debug|Any CPU
		Release|Any CPU = Release|Any CPU
	EndGlobalSection
	GlobalSection(ProjectConfigurationPlatforms) = postSolution
		{BF9A1A42-0053-4089-B372-B1D54D68775B}.Debug|Any CPU.ActiveCfg = Debug|Any CPU
		{BF9A1A42-0053-4089-B372-B1D54D68775B}.Debug|Any CPU.Build.0 = Debug|Any CPU
		{BF9A1A42-0053-4089-B372-B1D54D68775B}.Release|Any CPU.ActiveCfg = Release|Any CPU
		{BF9A1A42-0053-4089-B372-B1D54D68775B}.Release|Any CPU.Build.0 = Release|Any CPU
		{A44AC6B6-621E-4164-908B-2F7282D0577B}.Debug|Any CPU.ActiveCfg = Debug|Any CPU
		{A44AC6B6-621E-4164-908B-2F7282D0577B}.Debug|Any CPU.Build.0 = Debug|Any CPU
		{A44AC6B6-621E-4164-908B-2F7282D0577B}.Release|Any CPU.ActiveCfg = Release|Any CPU
		{A44AC6B6-621E-4164-908B-2F7282D0577B}.Release|Any CPU.Build.0 = Release|Any CPU
		{1C1BDDB9-D24F-4B5B-82FE-4027D60DC3AA}.Debug|Any CPU.ActiveCfg = Debug|Any CPU
		{1C1BDDB9-D24F-4B5B-82FE-4027D60DC3AA}.Debug|Any CPU.Build.0 = Debug|Any CPU
		{1C1BDDB9-D24F-4B5B-82FE-4027D60DC3AA}.Release|Any CPU.ActiveCfg = Release|Any CPU
		{1C1BDDB9-D24F-4B5B-82FE-4027D60DC3AA}.Release|Any CPU.Build.0 = Release|Any CPU
		{FFAB1FC0-9BE1-4D69-AA78-7EA05A61CCCB}.Debug|Any CPU.ActiveCfg = Debug|Any CPU
		{FFAB1FC0-9BE1-4D69-AA78-7EA05A61CCCB}.Debug|Any CPU.Build.0 = Debug|Any CPU
		{FFAB1FC0-9BE1-4D69-AA78-7EA05A61CCCB}.Release|Any CPU.ActiveCfg = Release|Any CPU
		{FFAB1FC0-9BE1-4D69-AA78-7EA05A61CCCB}.Release|Any CPU.Build.0 = Release|Any CPU
	EndGlobalSection
	GlobalSection(SolutionProperties) = preSolution
		HideSolutionNode = FALSE
	EndGlobalSection
	GlobalSection(ExtensibilityGlobals) = postSolution
		SolutionGuid = {2A8EBFCD-BA70-4B05-B673-57088B23E993}
	EndGlobalSection
EndGlobal
